
Microsoft Visual Studio Solution File, Format Version 12.00
# Visual Studio Version 17
VisualStudioVersion = 17.2.32519.379
MinimumVisualStudioVersion = 10.0.40219.1
Project("{FAE04EC0-301F-11D3-BF4B-00C04F79EFBC}") = "MVP_ASP-NET", "MVP_ASP-NET\MVP_ASP-NET.csproj", "{7BDD29CC-E45A-4618-A549-0B825EDC04CC}"
EndProject
Global
	GlobalSection(SolutionConfigurationPlatforms) = preSolution
		Debug|Any CPU = Debug|Any CPU
		Release|Any CPU = Release|Any CPU
	EndGlobalSection
	GlobalSection(ProjectConfigurationPlatforms) = postSolution
		{7BDD29CC-E45A-4618-A549-0B825EDC04CC}.Debug|Any CPU.ActiveCfg = Debug|Any CPU
		{7BDD29CC-E45A-4618-A549-0B825EDC04CC}.Debug|Any CPU.Build.0 = Debug|Any CPU
		{7BDD29CC-E45A-4618-A549-0B825EDC04CC}.Release|Any CPU.ActiveCfg = Release|Any CPU
		{7BDD29CC-E45A-4618-A549-0B825EDC04CC}.Release|Any CPU.Build.0 = Release|Any CPU
	EndGlobalSection
	GlobalSection(SolutionProperties) = preSolution
		HideSolutionNode = FALSE
	EndGlobalSection
	GlobalSection(ExtensibilityGlobals) = postSolution
		SolutionGuid = {51C82FED-9512-4DE2-9615-7E60E9A0C60A}
	EndGlobalSection
EndGlobal
